
Microsoft Visual Studio Solution File, Format Version 12.00
# Visual Studio Version 17
VisualStudioVersion = 17.0.31903.59
MinimumVisualStudioVersion = 10.0.40219.1
Project("{FAE04EC0-301F-11D3-BF4B-00C04F79EFBC}") = "API", "API\API.csproj", "{B95D314A-8FE2-46B6-92F4-662F028E21C0}"
EndProject
Project("{FAE04EC0-301F-11D3-BF4B-00C04F79EFBC}") = "Application", "Application\Application.csproj", "{BE17D983-B1BC-48C1-A81B-92493D2894EE}"
EndProject
Project("{FAE04EC0-301F-11D3-BF4B-00C04F79EFBC}") = "Domain", "Domain\Domain.csproj", "{8B440154-061B-4802-A3AE-533D6D298F47}"
EndProject
Project("{FAE04EC0-301F-11D3-BF4B-00C04F79EFBC}") = "Persistence", "Persistence\Persistence.csproj", "{42847374-601C-413B-A824-03E98CCCDA35}"
EndProject
Global
	GlobalSection(SolutionConfigurationPlatforms) = preSolution
		Debug|Any CPU = Debug|Any CPU
		Release|Any CPU = Release|Any CPU
	EndGlobalSection
	GlobalSection(SolutionProperties) = preSolution
		HideSolutionNode = FALSE
	EndGlobalSection
	GlobalSection(ProjectConfigurationPlatforms) = postSolution
		{B95D314A-8FE2-46B6-92F4-662F028E21C0}.Debug|Any CPU.ActiveCfg = Debug|Any CPU
		{B95D314A-8FE2-46B6-92F4-662F028E21C0}.Debug|Any CPU.Build.0 = Debug|Any CPU
		{B95D314A-8FE2-46B6-92F4-662F028E21C0}.Release|Any CPU.ActiveCfg = Release|Any CPU
		{B95D314A-8FE2-46B6-92F4-662F028E21C0}.Release|Any CPU.Build.0 = Release|Any CPU
		{BE17D983-B1BC-48C1-A81B-92493D2894EE}.Debug|Any CPU.ActiveCfg = Debug|Any CPU
		{BE17D983-B1BC-48C1-A81B-92493D2894EE}.Debug|Any CPU.Build.0 = Debug|Any CPU
		{BE17D983-B1BC-48C1-A81B-92493D2894EE}.Release|Any CPU.ActiveCfg = Release|Any CPU
	 	{BE17D983-B1BC-48C1-A81B-92493D2894EE}.Release|Any CPU.Build.0 = Release|Any CPU
		{8B440154-061B-4802-A3AE-533D6D298F47}.Debug|Any CPU.ActiveCfg = Debug|Any CPU
		{8B440154-061B-4802-A3AE-533D6D298F47}.Debug|Any CPU.Build.0 = Debug|Any CPU
		{8B440154-061B-4802-A3AE-533D6D298F47}.Release|Any CPU.ActiveCfg = Release|Any CPU
		{8B440154-061B-4802-A3AE-533D6D298F47}.Release|Any CPU.Build.0 = Release|Any CPU
		{42847374-601C-413B-A824-03E98CCCDA35}.Debug|Any CPU.ActiveCfg = Debug|Any CPU
		{42847374-601C-413B-A824-03E98CCCDA35}.Debug|Any CPU.Build.0 = Debug|Any CPU
		{42847374-601C-413B-A824-03E98CCCDA35}.Release|Any CPU.ActiveCfg = Release|Any CPU
		{42847374-601C-413B-A824-03E98CCCDA35}.Release|Any CPU.Build.0 = Release|Any CPU
	EndGlobalSection
EndGlobal
